
Microsoft Visual Studio Solution File, Format Version 12.00
# Visual Studio Version 17
VisualStudioVersion = 17.0.32014.148
MinimumVisualStudioVersion = 10.0.40219.1
Project("{FAE04EC0-301F-11D3-BF4B-00C04F79EFBC}") = "ItransitionProject", "ItransitionProject\ItransitionProject.csproj", "{B8E8CFAC-3E83-42A7-BED2-98E0E46774A1}"
EndProject
Global
	GlobalSection(SolutionConfigurationPlatforms) = preSolution
		Debug|Any CPU = Debug|Any CPU
		Release|Any CPU = Release|Any CPU
	EndGlobalSection
	GlobalSection(ProjectConfigurationPlatforms) = postSolution
		{B8E8CFAC-3E83-42A7-BED2-98E0E46774A1}.Debug|Any CPU.ActiveCfg = Debug|Any CPU
		{B8E8CFAC-3E83-42A7-BED2-98E0E46774A1}.Debug|Any CPU.Build.0 = Debug|Any CPU
		{B8E8CFAC-3E83-42A7-BED2-98E0E46774A1}.Release|Any CPU.ActiveCfg = Release|Any CPU
		{B8E8CFAC-3E83-42A7-BED2-98E0E46774A1}.Release|Any CPU.Build.0 = Release|Any CPU
	EndGlobalSection
	GlobalSection(SolutionProperties) = preSolution
		HideSolutionNode = FALSE
	EndGlobalSection
	GlobalSection(ExtensibilityGlobals) = postSolution
		SolutionGuid = {CF4270A3-7F2D-4BE4-830E-03FC54C4E4AD}
	EndGlobalSection
EndGlobal
